
Microsoft Visual Studio Solution File, Format Version 12.00
# Visual Studio Version 17
VisualStudioVersion = 17.7.34221.43
MinimumVisualStudioVersion = 10.0.40219.1
Project("{FAE04EC0-301F-11D3-BF4B-00C04F79EFBC}") = "TasteFood", "TasteFood\TasteFood.csproj", "{111BED3B-D22B-45AF-8B61-564C6903717A}"
EndProject
Global
	GlobalSection(SolutionConfigurationPlatforms) = preSolution
		Debug|Any CPU = Debug|Any CPU
		Release|Any CPU = Release|Any CPU
	EndGlobalSection
	GlobalSection(ProjectConfigurationPlatforms) = postSolution
		{111BED3B-D22B-45AF-8B61-564C6903717A}.Debug|Any CPU.ActiveCfg = Debug|Any CPU
		{111BED3B-D22B-45AF-8B61-564C6903717A}.Debug|Any CPU.Build.0 = Debug|Any CPU
		{111BED3B-D22B-45AF-8B61-564C6903717A}.Release|Any CPU.ActiveCfg = Release|Any CPU
		{111BED3B-D22B-45AF-8B61-564C6903717A}.Release|Any CPU.Build.0 = Release|Any CPU
	EndGlobalSection
	GlobalSection(SolutionProperties) = preSolution
		HideSolutionNode = FALSE
	EndGlobalSection
	GlobalSection(ExtensibilityGlobals) = postSolution
		SolutionGuid = {99FAB786-789F-4615-8FE3-33D64621A408}
	EndGlobalSection
EndGlobal
